
Microsoft Visual Studio Solution File, Format Version 12.00
# Visual Studio 15
VisualStudioVersion = 15.0.26430.16
MinimumVisualStudioVersion = 10.0.40219.1
Project("{9A19103F-16F7-4668-BE54-9A1E7A4F7556}") = "Engine", "Engine\Engine.csproj", "{DE7811E0-22BB-4829-9DF8-757D5FEADFD3}"
EndProject
Project("{9A19103F-16F7-4668-BE54-9A1E7A4F7556}") = "Basics", "..\Basics\Basics\Basics.csproj", "{EC60C481-A868-44DA-B4AE-CB555D25C572}"
EndProject
Project("{9A19103F-16F7-4668-BE54-9A1E7A4F7556}") = "Basics.Test", "..\Basics\Basics.Test\Basics.Test.csproj", "{E6FCA80A-A6E6-4695-B3B1-789B8CF78DE4}"
EndProject
Project("{9A19103F-16F7-4668-BE54-9A1E7A4F7556}") = "Engine.Test", "Engine.Test\Engine.Test.csproj", "{599A330E-F6D8-474D-BFA6-D9070701D78F}"
EndProject
Project("{9A19103F-16F7-4668-BE54-9A1E7A4F7556}") = "CellularAutomata", "CellularAutomata\CellularAutomata.csproj", "{8599AC71-5BDA-43C9-B8CE-2E9FD86EDEC8}"
EndProject
Project("{9A19103F-16F7-4668-BE54-9A1E7A4F7556}") = "Fighter", "Fighter\Fighter.csproj", "{7971EC77-ED24-4901-8813-970B7AE568A5}"
EndProject
Project("{9A19103F-16F7-4668-BE54-9A1E7A4F7556}") = "Ants", "Ants\Ants.csproj", "{664384E5-BD39-48A9-8D95-A52F53BE8D6D}"
EndProject
Global
	GlobalSection(Performance) = preSolution
		HasPerformanceSessions = true
	EndGlobalSection
	GlobalSection(SolutionConfigurationPlatforms) = preSolution
		Debug|Any CPU = Debug|Any CPU
		Debug|x64 = Debug|x64
		Debug|x86 = Debug|x86
		Release|Any CPU = Release|Any CPU
		Release|x64 = Release|x64
		Release|x86 = Release|x86
	EndGlobalSection
	GlobalSection(ProjectConfigurationPlatforms) = postSolution
		{DE7811E0-22BB-4829-9DF8-757D5FEADFD3}.Debug|Any CPU.ActiveCfg = Debug|Any CPU
		{DE7811E0-22BB-4829-9DF8-757D5FEADFD3}.Debug|Any CPU.Build.0 = Debug|Any CPU
		{DE7811E0-22BB-4829-9DF8-757D5FEADFD3}.Debug|x64.ActiveCfg = Debug|Any CPU
		{DE7811E0-22BB-4829-9DF8-757D5FEADFD3}.Debug|x64.Build.0 = Debug|Any CPU
		{DE7811E0-22BB-4829-9DF8-757D5FEADFD3}.Debug|x86.ActiveCfg = Debug|Any CPU
		{DE7811E0-22BB-4829-9DF8-757D5FEADFD3}.Debug|x86.Build.0 = Debug|Any CPU
		{DE7811E0-22BB-4829-9DF8-757D5FEADFD3}.Release|Any CPU.ActiveCfg = Release|Any CPU
		{DE7811E0-22BB-4829-9DF8-757D5FEADFD3}.Release|Any CPU.Build.0 = Release|Any CPU
		{DE7811E0-22BB-4829-9DF8-757D5FEADFD3}.Release|x64.ActiveCfg = Release|Any CPU
		{DE7811E0-22BB-4829-9DF8-757D5FEADFD3}.Release|x64.Build.0 = Release|Any CPU
		{DE7811E0-22BB-4829-9DF8-757D5FEADFD3}.Release|x86.ActiveCfg = Release|Any CPU
		{DE7811E0-22BB-4829-9DF8-757D5FEADFD3}.Release|x86.Build.0 = Release|Any CPU
		{EC60C481-A868-44DA-B4AE-CB555D25C572}.Debug|Any CPU.ActiveCfg = Debug|Any CPU
		{EC60C481-A868-44DA-B4AE-CB555D25C572}.Debug|Any CPU.Build.0 = Debug|Any CPU
		{EC60C481-A868-44DA-B4AE-CB555D25C572}.Debug|x64.ActiveCfg = Debug|Any CPU
		{EC60C481-A868-44DA-B4AE-CB555D25C572}.Debug|x64.Build.0 = Debug|Any CPU
		{EC60C481-A868-44DA-B4AE-CB555D25C572}.Debug|x86.ActiveCfg = Debug|Any CPU
		{EC60C481-A868-44DA-B4AE-CB555D25C572}.Debug|x86.Build.0 = Debug|Any CPU
		{EC60C481-A868-44DA-B4AE-CB555D25C572}.Release|Any CPU.ActiveCfg = Release|Any CPU
		{EC60C481-A868-44DA-B4AE-CB555D25C572}.Release|Any CPU.Build.0 = Release|Any CPU
		{EC60C481-A868-44DA-B4AE-CB555D25C572}.Release|x64.ActiveCfg = Release|Any CPU
		{EC60C481-A868-44DA-B4AE-CB555D25C572}.Release|x64.Build.0 = Release|Any CPU
		{EC60C481-A868-44DA-B4AE-CB555D25C572}.Release|x86.ActiveCfg = Release|Any CPU
		{EC60C481-A868-44DA-B4AE-CB555D25C572}.Release|x86.Build.0 = Release|Any CPU
		{E6FCA80A-A6E6-4695-B3B1-789B8CF78DE4}.Debug|Any CPU.ActiveCfg = Debug|Any CPU
		{E6FCA80A-A6E6-4695-B3B1-789B8CF78DE4}.Debug|Any CPU.Build.0 = Debug|Any CPU
		{E6FCA80A-A6E6-4695-B3B1-789B8CF78DE4}.Debug|x64.ActiveCfg = Debug|Any CPU
		{E6FCA80A-A6E6-4695-B3B1-789B8CF78DE4}.Debug|x64.Build.0 = Debug|Any CPU
		{E6FCA80A-A6E6-4695-B3B1-789B8CF78DE4}.Debug|x86.ActiveCfg = Debug|Any CPU
		{E6FCA80A-A6E6-4695-B3B1-789B8CF78DE4}.Debug|x86.Build.0 = Debug|Any CPU
		{E6FCA80A-A6E6-4695-B3B1-789B8CF78DE4}.Release|Any CPU.ActiveCfg = Release|Any CPU
		{E6FCA80A-A6E6-4695-B3B1-789B8CF78DE4}.Release|Any CPU.Build.0 = Release|Any CPU
		{E6FCA80A-A6E6-4695-B3B1-789B8CF78DE4}.Release|x64.ActiveCfg = Release|Any CPU
		{E6FCA80A-A6E6-4695-B3B1-789B8CF78DE4}.Release|x64.Build.0 = Release|Any CPU
		{E6FCA80A-A6E6-4695-B3B1-789B8CF78DE4}.Release|x86.ActiveCfg = Release|Any CPU
		{E6FCA80A-A6E6-4695-B3B1-789B8CF78DE4}.Release|x86.Build.0 = Release|Any CPU
		{599A330E-F6D8-474D-BFA6-D9070701D78F}.Debug|Any CPU.ActiveCfg = Debug|Any CPU
		{599A330E-F6D8-474D-BFA6-D9070701D78F}.Debug|Any CPU.Build.0 = Debug|Any CPU
		{599A330E-F6D8-474D-BFA6-D9070701D78F}.Debug|x64.ActiveCfg = Debug|Any CPU
		{599A330E-F6D8-474D-BFA6-D9070701D78F}.Debug|x64.Build.0 = Debug|Any CPU
		{599A330E-F6D8-474D-BFA6-D9070701D78F}.Debug|x86.ActiveCfg = Debug|Any CPU
		{599A330E-F6D8-474D-BFA6-D9070701D78F}.Debug|x86.Build.0 = Debug|Any CPU
		{599A330E-F6D8-474D-BFA6-D9070701D78F}.Release|Any CPU.ActiveCfg = Release|Any CPU
		{599A330E-F6D8-474D-BFA6-D9070701D78F}.Release|Any CPU.Build.0 = Release|Any CPU
		{599A330E-F6D8-474D-BFA6-D9070701D78F}.Release|x64.ActiveCfg = Release|Any CPU
		{599A330E-F6D8-474D-BFA6-D9070701D78F}.Release|x64.Build.0 = Release|Any CPU
		{599A330E-F6D8-474D-BFA6-D9070701D78F}.Release|x86.ActiveCfg = Release|Any CPU
		{599A330E-F6D8-474D-BFA6-D9070701D78F}.Release|x86.Build.0 = Release|Any CPU
		{8599AC71-5BDA-43C9-B8CE-2E9FD86EDEC8}.Debug|Any CPU.ActiveCfg = Debug|Any CPU
		{8599AC71-5BDA-43C9-B8CE-2E9FD86EDEC8}.Debug|Any CPU.Build.0 = Debug|Any CPU
		{8599AC71-5BDA-43C9-B8CE-2E9FD86EDEC8}.Debug|x64.ActiveCfg = Debug|Any CPU
		{8599AC71-5BDA-43C9-B8CE-2E9FD86EDEC8}.Debug|x64.Build.0 = Debug|Any CPU
		{8599AC71-5BDA-43C9-B8CE-2E9FD86EDEC8}.Debug|x86.ActiveCfg = Debug|Any CPU
		{8599AC71-5BDA-43C9-B8CE-2E9FD86EDEC8}.Debug|x86.Build.0 = Debug|Any CPU
		{8599AC71-5BDA-43C9-B8CE-2E9FD86EDEC8}.Release|Any CPU.ActiveCfg = Release|Any CPU
		{8599AC71-5BDA-43C9-B8CE-2E9FD86EDEC8}.Release|Any CPU.Build.0 = Release|Any CPU
		{8599AC71-5BDA-43C9-B8CE-2E9FD86EDEC8}.Release|x64.ActiveCfg = Release|Any CPU
		{8599AC71-5BDA-43C9-B8CE-2E9FD86EDEC8}.Release|x64.Build.0 = Release|Any CPU
		{8599AC71-5BDA-43C9-B8CE-2E9FD86EDEC8}.Release|x86.ActiveCfg = Release|Any CPU
		{8599AC71-5BDA-43C9-B8CE-2E9FD86EDEC8}.Release|x86.Build.0 = Release|Any CPU
		{7971EC77-ED24-4901-8813-970B7AE568A5}.Debug|Any CPU.ActiveCfg = Debug|Any CPU
		{7971EC77-ED24-4901-8813-970B7AE568A5}.Debug|Any CPU.Build.0 = Debug|Any CPU
		{7971EC77-ED24-4901-8813-970B7AE568A5}.Debug|x64.ActiveCfg = Debug|Any CPU
		{7971EC77-ED24-4901-8813-970B7AE568A5}.Debug|x64.Build.0 = Debug|Any CPU
		{7971EC77-ED24-4901-8813-970B7AE568A5}.Debug|x86.ActiveCfg = Debug|Any CPU
		{7971EC77-ED24-4901-8813-970B7AE568A5}.Debug|x86.Build.0 = Debug|Any CPU
		{7971EC77-ED24-4901-8813-970B7AE568A5}.Release|Any CPU.ActiveCfg = Release|Any CPU
		{7971EC77-ED24-4901-8813-970B7AE568A5}.Release|Any CPU.Build.0 = Release|Any CPU
		{7971EC77-ED24-4901-8813-970B7AE568A5}.Release|x64.ActiveCfg = Release|Any CPU
		{7971EC77-ED24-4901-8813-970B7AE568A5}.Release|x64.Build.0 = Release|Any CPU
		{7971EC77-ED24-4901-8813-970B7AE568A5}.Release|x86.ActiveCfg = Release|Any CPU
		{7971EC77-ED24-4901-8813-970B7AE568A5}.Release|x86.Build.0 = Release|Any CPU
		{664384E5-BD39-48A9-8D95-A52F53BE8D6D}.Debug|Any CPU.ActiveCfg = Debug|Any CPU
		{664384E5-BD39-48A9-8D95-A52F53BE8D6D}.Debug|Any CPU.Build.0 = Debug|Any CPU
		{664384E5-BD39-48A9-8D95-A52F53BE8D6D}.Debug|x64.ActiveCfg = Debug|Any CPU
		{664384E5-BD39-48A9-8D95-A52F53BE8D6D}.Debug|x64.Build.0 = Debug|Any CPU
		{664384E5-BD39-48A9-8D95-A52F53BE8D6D}.Debug|x86.ActiveCfg = Debug|Any CPU
		{664384E5-BD39-48A9-8D95-A52F53BE8D6D}.Debug|x86.Build.0 = Debug|Any CPU
		{664384E5-BD39-48A9-8D95-A52F53BE8D6D}.Release|Any CPU.ActiveCfg = Release|Any CPU
		{664384E5-BD39-48A9-8D95-A52F53BE8D6D}.Release|Any CPU.Build.0 = Release|Any CPU
		{664384E5-BD39-48A9-8D95-A52F53BE8D6D}.Release|x64.ActiveCfg = Release|Any CPU
		{664384E5-BD39-48A9-8D95-A52F53BE8D6D}.Release|x64.Build.0 = Release|Any CPU
		{664384E5-BD39-48A9-8D95-A52F53BE8D6D}.Release|x86.ActiveCfg = Release|Any CPU
		{664384E5-BD39-48A9-8D95-A52F53BE8D6D}.Release|x86.Build.0 = Release|Any CPU
	EndGlobalSection
	GlobalSection(SolutionProperties) = preSolution
		HideSolutionNode = FALSE
	EndGlobalSection
EndGlobal
